// !$*UTF8*$!
{
	archiveVersion = 1;
	classes = {
	};
	objectVersion = 46;
	objects = {

/* Begin PBXBuildFile section */
		2F11A0EF1E5E956E009F2387 /* LyCollectionCell.swift in Sources */ = {isa = PBXBuildFile; fileRef = 2F11A0EE1E5E956E009F2387 /* LyCollectionCell.swift */; };
		2F11A0F11E5E9591009F2387 /* LyPhotoFlowLayout.swift in Sources */ = {isa = PBXBuildFile; fileRef = 2F11A0F01E5E9591009F2387 /* LyPhotoFlowLayout.swift */; };
		2F11A0F31E5EAD47009F2387 /* LyPhotoPlayView.swift in Sources */ = {isa = PBXBuildFile; fileRef = 2F11A0F21E5EAD47009F2387 /* LyPhotoPlayView.swift */; };
		2F11A0F51E5EB782009F2387 /* LyPhotoModel.swift in Sources */ = {isa = PBXBuildFile; fileRef = 2F11A0F41E5EB782009F2387 /* LyPhotoModel.swift */; };
		2F11A0F71E5EC5D7009F2387 /* DetailViewController.swift in Sources */ = {isa = PBXBuildFile; fileRef = 2F11A0F61E5EC5D7009F2387 /* DetailViewController.swift */; };
		2F11A0FB1E5EC778009F2387 /* DetailTitleView.swift in Sources */ = {isa = PBXBuildFile; fileRef = 2F11A0FA1E5EC778009F2387 /* DetailTitleView.swift */; };
		2F11A0FD1E5EC8F3009F2387 /* DetailViewModel.swift in Sources */ = {isa = PBXBuildFile; fileRef = 2F11A0FC1E5EC8F3009F2387 /* DetailViewModel.swift */; };
		2F11A0FF1E5ED192009F2387 /* DetailHeaderView.swift in Sources */ = {isa = PBXBuildFile; fileRef = 2F11A0FE1E5ED192009F2387 /* DetailHeaderView.swift */; };
		2F11A1011E5ED5B8009F2387 /* DetailCommentCell.swift in Sources */ = {isa = PBXBuildFile; fileRef = 2F11A1001E5ED5B8009F2387 /* DetailCommentCell.swift */; };
		2F11A1031E5EDA7D009F2387 /* DetailCommentModel.swift in Sources */ = {isa = PBXBuildFile; fileRef = 2F11A1021E5EDA7D009F2387 /* DetailCommentModel.swift */; };
		2F11A1051E5EE9E7009F2387 /* DetailCommentController.swift in Sources */ = {isa = PBXBuildFile; fileRef = 2F11A1041E5EE9E7009F2387 /* DetailCommentController.swift */; };
		2F20963E1E65196A00592C7E /* MyHelpViewController.swift in Sources */ = {isa = PBXBuildFile; fileRef = 2F20963D1E65196A00592C7E /* MyHelpViewController.swift */; };
		2F2096401E6519A400592C7E /* MyHelpModel.swift in Sources */ = {isa = PBXBuildFile; fileRef = 2F20963F1E6519A400592C7E /* MyHelpModel.swift */; };
		2F2096421E6519B000592C7E /* MyHelpViewModel.swift in Sources */ = {isa = PBXBuildFile; fileRef = 2F2096411E6519B000592C7E /* MyHelpViewModel.swift */; };
		2F2096441E6519C000592C7E /* MyHelpDataSource.swift in Sources */ = {isa = PBXBuildFile; fileRef = 2F2096431E6519C000592C7E /* MyHelpDataSource.swift */; };
		2F2096461E6519D100592C7E /* MyHelpFootView.swift in Sources */ = {isa = PBXBuildFile; fileRef = 2F2096451E6519D100592C7E /* MyHelpFootView.swift */; };
		2F2096481E6519E600592C7E /* MyHelpCell.swift in Sources */ = {isa = PBXBuildFile; fileRef = 2F2096471E6519E600592C7E /* MyHelpCell.swift */; };
		2F2096581E657F7F00592C7E /* MVVMRACDemoController.swift in Sources */ = {isa = PBXBuildFile; fileRef = 2F2096571E657F7F00592C7E /* MVVMRACDemoController.swift */; };
		2F20C0FF1E640F3C001103AF /* MyMainViewController.swift in Sources */ = {isa = PBXBuildFile; fileRef = 2F20C0FE1E640F3C001103AF /* MyMainViewController.swift */; };
		2F5426CD1E645A2C00C30951 /* MyMainFootView.swift in Sources */ = {isa = PBXBuildFile; fileRef = 2F5426CC1E645A2C00C30951 /* MyMainFootView.swift */; };
		2F7607281E614165001C72BF /* LyURLSessionManager.swift in Sources */ = {isa = PBXBuildFile; fileRef = 2F7607271E614165001C72BF /* LyURLSessionManager.swift */; };
		2F9C50381E5D5C7F00F20D08 /* LoginInModel.swift in Sources */ = {isa = PBXBuildFile; fileRef = 2F9C50371E5D5C7F00F20D08 /* LoginInModel.swift */; };
		2F9C50411E5D666A00F20D08 /* LyUserDefault.swift in Sources */ = {isa = PBXBuildFile; fileRef = 2F9C50401E5D666A00F20D08 /* LyUserDefault.swift */; };
		2F9C50431E5D6AA200F20D08 /* FirstPageViewController.swift in Sources */ = {isa = PBXBuildFile; fileRef = 2F9C50421E5D6AA200F20D08 /* FirstPageViewController.swift */; };
		2F9C50451E5D6AB800F20D08 /* FirstPageModel.swift in Sources */ = {isa = PBXBuildFile; fileRef = 2F9C50441E5D6AB800F20D08 /* FirstPageModel.swift */; };
		2F9C50471E5D6AC600F20D08 /* FirstPageCell.swift in Sources */ = {isa = PBXBuildFile; fileRef = 2F9C50461E5D6AC600F20D08 /* FirstPageCell.swift */; };
		2FAD68091E5C26F400084385 /* AppDelegate.swift in Sources */ = {isa = PBXBuildFile; fileRef = 2FAD68081E5C26F400084385 /* AppDelegate.swift */; };
		2FAD680B1E5C26F400084385 /* ViewController.swift in Sources */ = {isa = PBXBuildFile; fileRef = 2FAD680A1E5C26F400084385 /* ViewController.swift */; };
		2FAD680E1E5C26F400084385 /* Main.storyboard in Resources */ = {isa = PBXBuildFile; fileRef = 2FAD680C1E5C26F400084385 /* Main.storyboard */; };
		2FAD68101E5C26F400084385 /* Assets.xcassets in Resources */ = {isa = PBXBuildFile; fileRef = 2FAD680F1E5C26F400084385 /* Assets.xcassets */; };
		2FAD68131E5C26F400084385 /* LaunchScreen.storyboard in Resources */ = {isa = PBXBuildFile; fileRef = 2FAD68111E5C26F400084385 /* LaunchScreen.storyboard */; };
		2FAD681E1E5C26F400084385 /* LySwiftDemoTests.swift in Sources */ = {isa = PBXBuildFile; fileRef = 2FAD681D1E5C26F400084385 /* LySwiftDemoTests.swift */; };
		2FAD68291E5C26F400084385 /* LySwiftDemoUITests.swift in Sources */ = {isa = PBXBuildFile; fileRef = 2FAD68281E5C26F400084385 /* LySwiftDemoUITests.swift */; };
		2FAD684E1E5C293800084385 /* LoginController.swift in Sources */ = {isa = PBXBuildFile; fileRef = 2FAD684D1E5C293800084385 /* LoginController.swift */; };
		2FAD68501E5C29B500084385 /* InputView.swift in Sources */ = {isa = PBXBuildFile; fileRef = 2FAD684F1E5C29B500084385 /* InputView.swift */; };
		2FAD68531E5C2AC600084385 /* LyNavigationController.swift in Sources */ = {isa = PBXBuildFile; fileRef = 2FAD68521E5C2AC600084385 /* LyNavigationController.swift */; };
		2FAD68561E5C2BF700084385 /* LyClassTool.swift in Sources */ = {isa = PBXBuildFile; fileRef = 2FAD68551E5C2BF700084385 /* LyClassTool.swift */; };
		2FFD5D271E5FC58400F75427 /* LyNetRequstTask.swift in Sources */ = {isa = PBXBuildFile; fileRef = 2FFD5D261E5FC58400F75427 /* LyNetRequstTask.swift */; };
		2FFD5D2D1E5FCC4C00F75427 /* LyTextView.swift in Sources */ = {isa = PBXBuildFile; fileRef = 2FFD5D2C1E5FCC4C00F75427 /* LyTextView.swift */; };
		2FFD5D321E60124F00F75427 /* LyQueueDemoController.swift in Sources */ = {isa = PBXBuildFile; fileRef = 2FFD5D311E60124F00F75427 /* LyQueueDemoController.swift */; };
		7AC42D02F0131F678EA3D337 /* Pods_LySwiftDemo.framework in Frameworks */ = {isa = PBXBuildFile; fileRef = A9068DC80BAF46437307B981 /* Pods_LySwiftDemo.framework */; };
/* End PBXBuildFile section */

/* Begin PBXContainerItemProxy section */
		2FAD681A1E5C26F400084385 /* PBXContainerItemProxy */ = {
			isa = PBXContainerItemProxy;
			containerPortal = 2FAD67FD1E5C26F400084385 /* Project object */;
			proxyType = 1;
			remoteGlobalIDString = 2FAD68041E5C26F400084385;
			remoteInfo = LySwiftDemo;
		};
		2FAD68251E5C26F400084385 /* PBXContainerItemProxy */ = {
			isa = PBXContainerItemProxy;
			containerPortal = 2FAD67FD1E5C26F400084385 /* Project object */;
			proxyType = 1;
			remoteGlobalIDString = 2FAD68041E5C26F400084385;
			remoteInfo = LySwiftDemo;
		};
/* End PBXContainerItemProxy section */

/* Begin PBXFileReference section */
		1ED2C85D6DB0C19F02FE15CD /* Pods-LySwiftDemo.debug.xcconfig */ = {isa = PBXFileReference; includeInIndex = 1; lastKnownFileType = text.xcconfig; name = "Pods-LySwiftDemo.debug.xcconfig"; path = "Pods/Target Support Files/Pods-LySwiftDemo/Pods-LySwiftDemo.debug.xcconfig"; sourceTree = "<group>"; };
		2F11A0EE1E5E956E009F2387 /* LyCollectionCell.swift */ = {isa = PBXFileReference; fileEncoding = 4; lastKnownFileType = sourcecode.swift; path = LyCollectionCell.swift; sourceTree = "<group>"; };
		2F11A0F01E5E9591009F2387 /* LyPhotoFlowLayout.swift */ = {isa = PBXFileReference; fileEncoding = 4; lastKnownFileType = sourcecode.swift; path = LyPhotoFlowLayout.swift; sourceTree = "<group>"; };
		2F11A0F21E5EAD47009F2387 /* LyPhotoPlayView.swift */ = {isa = PBXFileReference; fileEncoding = 4; lastKnownFileType = sourcecode.swift; path = LyPhotoPlayView.swift; sourceTree = "<group>"; };
		2F11A0F41E5EB782009F2387 /* LyPhotoModel.swift */ = {isa = PBXFileReference; fileEncoding = 4; lastKnownFileType = sourcecode.swift; path = LyPhotoModel.swift; sourceTree = "<group>"; };
		2F11A0F61E5EC5D7009F2387 /* DetailViewController.swift */ = {isa = PBXFileReference; fileEncoding = 4; lastKnownFileType = sourcecode.swift; path = DetailViewController.swift; sourceTree = "<group>"; };
		2F11A0FA1E5EC778009F2387 /* DetailTitleView.swift */ = {isa = PBXFileReference; fileEncoding = 4; lastKnownFileType = sourcecode.swift; path = DetailTitleView.swift; sourceTree = "<group>"; };
		2F11A0FC1E5EC8F3009F2387 /* DetailViewModel.swift */ = {isa = PBXFileReference; fileEncoding = 4; lastKnownFileType = sourcecode.swift; path = DetailViewModel.swift; sourceTree = "<group>"; };
		2F11A0FE1E5ED192009F2387 /* DetailHeaderView.swift */ = {isa = PBXFileReference; fileEncoding = 4; lastKnownFileType = sourcecode.swift; path = DetailHeaderView.swift; sourceTree = "<group>"; };
		2F11A1001E5ED5B8009F2387 /* DetailCommentCell.swift */ = {isa = PBXFileReference; fileEncoding = 4; lastKnownFileType = sourcecode.swift; path = DetailCommentCell.swift; sourceTree = "<group>"; };
		2F11A1021E5EDA7D009F2387 /* DetailCommentModel.swift */ = {isa = PBXFileReference; fileEncoding = 4; lastKnownFileType = sourcecode.swift; path = DetailCommentModel.swift; sourceTree = "<group>"; };
		2F11A1041E5EE9E7009F2387 /* DetailCommentController.swift */ = {isa = PBXFileReference; fileEncoding = 4; lastKnownFileType = sourcecode.swift; path = DetailCommentController.swift; sourceTree = "<group>"; };
		2F20963D1E65196A00592C7E /* MyHelpViewController.swift */ = {isa = PBXFileReference; fileEncoding = 4; lastKnownFileType = sourcecode.swift; path = MyHelpViewController.swift; sourceTree = "<group>"; };
		2F20963F1E6519A400592C7E /* MyHelpModel.swift */ = {isa = PBXFileReference; fileEncoding = 4; lastKnownFileType = sourcecode.swift; path = MyHelpModel.swift; sourceTree = "<group>"; };
		2F2096411E6519B000592C7E /* MyHelpViewModel.swift */ = {isa = PBXFileReference; fileEncoding = 4; lastKnownFileType = sourcecode.swift; path = MyHelpViewModel.swift; sourceTree = "<group>"; };
		2F2096431E6519C000592C7E /* MyHelpDataSource.swift */ = {isa = PBXFileReference; fileEncoding = 4; lastKnownFileType = sourcecode.swift; path = MyHelpDataSource.swift; sourceTree = "<group>"; };
		2F2096451E6519D100592C7E /* MyHelpFootView.swift */ = {isa = PBXFileReference; fileEncoding = 4; lastKnownFileType = sourcecode.swift; path = MyHelpFootView.swift; sourceTree = "<group>"; };
		2F2096471E6519E600592C7E /* MyHelpCell.swift */ = {isa = PBXFileReference; fileEncoding = 4; lastKnownFileType = sourcecode.swift; path = MyHelpCell.swift; sourceTree = "<group>"; };
		2F2096571E657F7F00592C7E /* MVVMRACDemoController.swift */ = {isa = PBXFileReference; fileEncoding = 4; lastKnownFileType = sourcecode.swift; path = MVVMRACDemoController.swift; sourceTree = "<group>"; };
		2F20C0FE1E640F3C001103AF /* MyMainViewController.swift */ = {isa = PBXFileReference; fileEncoding = 4; lastKnownFileType = sourcecode.swift; path = MyMainViewController.swift; sourceTree = "<group>"; };
		2F5426CC1E645A2C00C30951 /* MyMainFootView.swift */ = {isa = PBXFileReference; fileEncoding = 4; lastKnownFileType = sourcecode.swift; name = MyMainFootView.swift; path = ../Control/MyMainFootView.swift; sourceTree = "<group>"; };
		2F7607271E614165001C72BF /* LyURLSessionManager.swift */ = {isa = PBXFileReference; fileEncoding = 4; lastKnownFileType = sourcecode.swift; path = LyURLSessionManager.swift; sourceTree = "<group>"; };
		2F9C50371E5D5C7F00F20D08 /* LoginInModel.swift */ = {isa = PBXFileReference; fileEncoding = 4; lastKnownFileType = sourcecode.swift; path = LoginInModel.swift; sourceTree = "<group>"; };
		2F9C50401E5D666A00F20D08 /* LyUserDefault.swift */ = {isa = PBXFileReference; fileEncoding = 4; lastKnownFileType = sourcecode.swift; path = LyUserDefault.swift; sourceTree = "<group>"; };
		2F9C50421E5D6AA200F20D08 /* FirstPageViewController.swift */ = {isa = PBXFileReference; fileEncoding = 4; lastKnownFileType = sourcecode.swift; path = FirstPageViewController.swift; sourceTree = "<group>"; };
		2F9C50441E5D6AB800F20D08 /* FirstPageModel.swift */ = {isa = PBXFileReference; fileEncoding = 4; lastKnownFileType = sourcecode.swift; path = FirstPageModel.swift; sourceTree = "<group>"; };
		2F9C50461E5D6AC600F20D08 /* FirstPageCell.swift */ = {isa = PBXFileReference; fileEncoding = 4; lastKnownFileType = sourcecode.swift; path = FirstPageCell.swift; sourceTree = "<group>"; };
		2FAD68051E5C26F400084385 /* LySwiftDemo.app */ = {isa = PBXFileReference; explicitFileType = wrapper.application; includeInIndex = 0; path = LySwiftDemo.app; sourceTree = BUILT_PRODUCTS_DIR; };
		2FAD68081E5C26F400084385 /* AppDelegate.swift */ = {isa = PBXFileReference; lastKnownFileType = sourcecode.swift; path = AppDelegate.swift; sourceTree = "<group>"; };
		2FAD680A1E5C26F400084385 /* ViewController.swift */ = {isa = PBXFileReference; lastKnownFileType = sourcecode.swift; path = ViewController.swift; sourceTree = "<group>"; };
		2FAD680D1E5C26F400084385 /* Base */ = {isa = PBXFileReference; lastKnownFileType = file.storyboard; name = Base; path = Base.lproj/Main.storyboard; sourceTree = "<group>"; };
		2FAD680F1E5C26F400084385 /* Assets.xcassets */ = {isa = PBXFileReference; lastKnownFileType = folder.assetcatalog; path = Assets.xcassets; sourceTree = "<group>"; };
		2FAD68121E5C26F400084385 /* Base */ = {isa = PBXFileReference; lastKnownFileType = file.storyboard; name = Base; path = Base.lproj/LaunchScreen.storyboard; sourceTree = "<group>"; };
		2FAD68141E5C26F400084385 /* Info.plist */ = {isa = PBXFileReference; lastKnownFileType = text.plist.xml; path = Info.plist; sourceTree = "<group>"; };
		2FAD68191E5C26F400084385 /* LySwiftDemoTests.xctest */ = {isa = PBXFileReference; explicitFileType = wrapper.cfbundle; includeInIndex = 0; path = LySwiftDemoTests.xctest; sourceTree = BUILT_PRODUCTS_DIR; };
		2FAD681D1E5C26F400084385 /* LySwiftDemoTests.swift */ = {isa = PBXFileReference; lastKnownFileType = sourcecode.swift; path = LySwiftDemoTests.swift; sourceTree = "<group>"; };
		2FAD681F1E5C26F400084385 /* Info.plist */ = {isa = PBXFileReference; lastKnownFileType = text.plist.xml; path = Info.plist; sourceTree = "<group>"; };
		2FAD68241E5C26F400084385 /* LySwiftDemoUITests.xctest */ = {isa = PBXFileReference; explicitFileType = wrapper.cfbundle; includeInIndex = 0; path = LySwiftDemoUITests.xctest; sourceTree = BUILT_PRODUCTS_DIR; };
		2FAD68281E5C26F400084385 /* LySwiftDemoUITests.swift */ = {isa = PBXFileReference; lastKnownFileType = sourcecode.swift; path = LySwiftDemoUITests.swift; sourceTree = "<group>"; };
		2FAD682A1E5C26F400084385 /* Info.plist */ = {isa = PBXFileReference; lastKnownFileType = text.plist.xml; path = Info.plist; sourceTree = "<group>"; };
		2FAD684D1E5C293800084385 /* LoginController.swift */ = {isa = PBXFileReference; fileEncoding = 4; lastKnownFileType = sourcecode.swift; path = LoginController.swift; sourceTree = "<group>"; };
		2FAD684F1E5C29B500084385 /* InputView.swift */ = {isa = PBXFileReference; fileEncoding = 4; lastKnownFileType = sourcecode.swift; path = InputView.swift; sourceTree = "<group>"; };
		2FAD68521E5C2AC600084385 /* LyNavigationController.swift */ = {isa = PBXFileReference; fileEncoding = 4; lastKnownFileType = sourcecode.swift; path = LyNavigationController.swift; sourceTree = "<group>"; };
		2FAD68551E5C2BF700084385 /* LyClassTool.swift */ = {isa = PBXFileReference; fileEncoding = 4; lastKnownFileType = sourcecode.swift; path = LyClassTool.swift; sourceTree = "<group>"; };
		2FFD5D261E5FC58400F75427 /* LyNetRequstTask.swift */ = {isa = PBXFileReference; fileEncoding = 4; lastKnownFileType = sourcecode.swift; path = LyNetRequstTask.swift; sourceTree = "<group>"; };
		2FFD5D2C1E5FCC4C00F75427 /* LyTextView.swift */ = {isa = PBXFileReference; fileEncoding = 4; lastKnownFileType = sourcecode.swift; path = LyTextView.swift; sourceTree = "<group>"; };
		2FFD5D311E60124F00F75427 /* LyQueueDemoController.swift */ = {isa = PBXFileReference; fileEncoding = 4; lastKnownFileType = sourcecode.swift; path = LyQueueDemoController.swift; sourceTree = "<group>"; };
		A9068DC80BAF46437307B981 /* Pods_LySwiftDemo.framework */ = {isa = PBXFileReference; explicitFileType = wrapper.framework; includeInIndex = 0; path = Pods_LySwiftDemo.framework; sourceTree = BUILT_PRODUCTS_DIR; };
		ED6C1537678653B22A8C696A /* Pods-LySwiftDemo.release.xcconfig */ = {isa = PBXFileReference; includeInIndex = 1; lastKnownFileType = text.xcconfig; name = "Pods-LySwiftDemo.release.xcconfig"; path = "Pods/Target Support Files/Pods-LySwiftDemo/Pods-LySwiftDemo.release.xcconfig"; sourceTree = "<group>"; };
/* End PBXFileReference section */

/* Begin PBXFrameworksBuildPhase section */
		2FAD68021E5C26F400084385 /* Frameworks */ = {
			isa = PBXFrameworksBuildPhase;
			buildActionMask = 2147483647;
			files = (
				7AC42D02F0131F678EA3D337 /* Pods_LySwiftDemo.framework in Frameworks */,
			);
			runOnlyForDeploymentPostprocessing = 0;
		};
		2FAD68161E5C26F400084385 /* Frameworks */ = {
			isa = PBXFrameworksBuildPhase;
			buildActionMask = 2147483647;
			files = (
			);
			runOnlyForDeploymentPostprocessing = 0;
		};
		2FAD68211E5C26F400084385 /* Frameworks */ = {
			isa = PBXFrameworksBuildPhase;
			buildActionMask = 2147483647;
			files = (
			);
			runOnlyForDeploymentPostprocessing = 0;
		};
/* End PBXFrameworksBuildPhase section */

/* Begin PBXGroup section */
		2F11A0ED1E5E9550009F2387 /* 轮播器 */ = {
			isa = PBXGroup;
			children = (
				2F11A0EE1E5E956E009F2387 /* LyCollectionCell.swift */,
				2F11A0F01E5E9591009F2387 /* LyPhotoFlowLayout.swift */,
				2F11A0F21E5EAD47009F2387 /* LyPhotoPlayView.swift */,
			);
			name = "轮播器";
			sourceTree = "<group>";
		};
		2FAD67FC1E5C26F400084385 = {
			isa = PBXGroup;
			children = (
				2FAD68071E5C26F400084385 /* LySwiftDemo */,
				2FAD681C1E5C26F400084385 /* LySwiftDemoTests */,
				2FAD68271E5C26F400084385 /* LySwiftDemoUITests */,
				2FAD68061E5C26F400084385 /* Products */,
				E38F30D4161C8820F378754D /* Pods */,
				82770AB8CE6292C74BC507C1 /* Frameworks */,
			);
			sourceTree = "<group>";
		};
		2FAD68061E5C26F400084385 /* Products */ = {
			isa = PBXGroup;
			children = (
				2FAD68051E5C26F400084385 /* LySwiftDemo.app */,
				2FAD68191E5C26F400084385 /* LySwiftDemoTests.xctest */,
				2FAD68241E5C26F400084385 /* LySwiftDemoUITests.xctest */,
			);
			name = Products;
			sourceTree = "<group>";
		};
		2FAD68071E5C26F400084385 /* LySwiftDemo */ = {
			isa = PBXGroup;
			children = (
				2FFD5D2E1E6011FE00F75427 /* 多线程demo */,
				2FAD68511E5C2AA900084385 /* Base */,
				2FAD68481E5C291000084385 /* Tool */,
				2FAD68361E5C28D700084385 /* 登录 */,
				2FAD683C1E5C28D700084385 /* 首页 */,
				2FAD68421E5C28D700084385 /* 我的MVVM+RAC */,
				2FAD68081E5C26F400084385 /* AppDelegate.swift */,
				2FAD680A1E5C26F400084385 /* ViewController.swift */,
				2FAD680C1E5C26F400084385 /* Main.storyboard */,
				2FAD680F1E5C26F400084385 /* Assets.xcassets */,
				2FAD68111E5C26F400084385 /* LaunchScreen.storyboard */,
				2FAD68141E5C26F400084385 /* Info.plist */,
			);
			path = LySwiftDemo;
			sourceTree = "<group>";
		};
		2FAD681C1E5C26F400084385 /* LySwiftDemoTests */ = {
			isa = PBXGroup;
			children = (
				2FAD681D1E5C26F400084385 /* LySwiftDemoTests.swift */,
				2FAD681F1E5C26F400084385 /* Info.plist */,
			);
			path = LySwiftDemoTests;
			sourceTree = "<group>";
		};
		2FAD68271E5C26F400084385 /* LySwiftDemoUITests */ = {
			isa = PBXGroup;
			children = (
				2FAD68281E5C26F400084385 /* LySwiftDemoUITests.swift */,
				2FAD682A1E5C26F400084385 /* Info.plist */,
			);
			path = LySwiftDemoUITests;
			sourceTree = "<group>";
		};
		2FAD68361E5C28D700084385 /* 登录 */ = {
			isa = PBXGroup;
			children = (
				2FAD68371E5C28D700084385 /* Control */,
				2FAD68381E5C28D700084385 /* DataSource */,
				2FAD68391E5C28D700084385 /* Model */,
				2FAD683A1E5C28D700084385 /* View */,
				2FAD683B1E5C28D700084385 /* ViewModel */,
			);
			path = "登录";
			sourceTree = "<group>";
		};
		2FAD68371E5C28D700084385 /* Control */ = {
			isa = PBXGroup;
			children = (
				2FAD684D1E5C293800084385 /* LoginController.swift */,
			);
			path = Control;
			sourceTree = "<group>";
		};
		2FAD68381E5C28D700084385 /* DataSource */ = {
			isa = PBXGroup;
			children = (
			);
			path = DataSource;
			sourceTree = "<group>";
		};
		2FAD68391E5C28D700084385 /* Model */ = {
			isa = PBXGroup;
			children = (
				2F9C50371E5D5C7F00F20D08 /* LoginInModel.swift */,
			);
			path = Model;
			sourceTree = "<group>";
		};
		2FAD683A1E5C28D700084385 /* View */ = {
			isa = PBXGroup;
			children = (
				2FAD684F1E5C29B500084385 /* InputView.swift */,
			);
			path = View;
			sourceTree = "<group>";
		};
		2FAD683B1E5C28D700084385 /* ViewModel */ = {
			isa = PBXGroup;
			children = (
			);
			path = ViewModel;
			sourceTree = "<group>";
		};
		2FAD683C1E5C28D700084385 /* 首页 */ = {
			isa = PBXGroup;
			children = (
				2FAD683D1E5C28D700084385 /* Control */,
				2FAD683E1E5C28D700084385 /* DataSource */,
				2FAD683F1E5C28D700084385 /* Model */,
				2FAD68401E5C28D700084385 /* View */,
				2FAD68411E5C28D700084385 /* ViewModel */,
			);
			path = "首页";
			sourceTree = "<group>";
		};
		2FAD683D1E5C28D700084385 /* Control */ = {
			isa = PBXGroup;
			children = (
				2F9C50421E5D6AA200F20D08 /* FirstPageViewController.swift */,
				2F11A0F61E5EC5D7009F2387 /* DetailViewController.swift */,
				2F11A1041E5EE9E7009F2387 /* DetailCommentController.swift */,
			);
			path = Control;
			sourceTree = "<group>";
		};
		2FAD683E1E5C28D700084385 /* DataSource */ = {
			isa = PBXGroup;
			children = (
			);
			path = DataSource;
			sourceTree = "<group>";
		};
		2FAD683F1E5C28D700084385 /* Model */ = {
			isa = PBXGroup;
			children = (
				2F9C50441E5D6AB800F20D08 /* FirstPageModel.swift */,
				2F11A0F41E5EB782009F2387 /* LyPhotoModel.swift */,
				2F11A0FC1E5EC8F3009F2387 /* DetailViewModel.swift */,
				2F11A1021E5EDA7D009F2387 /* DetailCommentModel.swift */,
			);
			path = Model;
			sourceTree = "<group>";
		};
		2FAD68401E5C28D700084385 /* View */ = {
			isa = PBXGroup;
			children = (
				2F11A0ED1E5E9550009F2387 /* 轮播器 */,
				2F9C50461E5D6AC600F20D08 /* FirstPageCell.swift */,
				2F11A0FA1E5EC778009F2387 /* DetailTitleView.swift */,
				2F11A0FE1E5ED192009F2387 /* DetailHeaderView.swift */,
				2F11A1001E5ED5B8009F2387 /* DetailCommentCell.swift */,
			);
			path = View;
			sourceTree = "<group>";
		};
		2FAD68411E5C28D700084385 /* ViewModel */ = {
			isa = PBXGroup;
			children = (
			);
			path = ViewModel;
			sourceTree = "<group>";
		};
		2FAD68421E5C28D700084385 /* 我的MVVM+RAC */ = {
			isa = PBXGroup;
			children = (
				2FAD68431E5C28D700084385 /* Control */,
				2FAD68441E5C28D700084385 /* DataSource */,
				2FAD68451E5C28D700084385 /* Model */,
				2FAD68461E5C28D700084385 /* View */,
				2FAD68471E5C28D700084385 /* ViewModel */,
			);
			name = "我的MVVM+RAC";
			path = "我的";
			sourceTree = "<group>";
		};
		2FAD68431E5C28D700084385 /* Control */ = {
			isa = PBXGroup;
			children = (
				2F20C0FE1E640F3C001103AF /* MyMainViewController.swift */,
				2F20963D1E65196A00592C7E /* MyHelpViewController.swift */,
				2F2096571E657F7F00592C7E /* MVVMRACDemoController.swift */,
			);
			path = Control;
			sourceTree = "<group>";
		};
		2FAD68441E5C28D700084385 /* DataSource */ = {
			isa = PBXGroup;
			children = (
				2F2096431E6519C000592C7E /* MyHelpDataSource.swift */,
			);
			path = DataSource;
			sourceTree = "<group>";
		};
		2FAD68451E5C28D700084385 /* Model */ = {
			isa = PBXGroup;
			children = (
				2F20963F1E6519A400592C7E /* MyHelpModel.swift */,
			);
			path = Model;
			sourceTree = "<group>";
		};
		2FAD68461E5C28D700084385 /* View */ = {
			isa = PBXGroup;
			children = (
				2F5426CC1E645A2C00C30951 /* MyMainFootView.swift */,
				2F2096451E6519D100592C7E /* MyHelpFootView.swift */,
				2F2096471E6519E600592C7E /* MyHelpCell.swift */,
			);
			path = View;
			sourceTree = "<group>";
		};
		2FAD68471E5C28D700084385 /* ViewModel */ = {
			isa = PBXGroup;
			children = (
				2F2096411E6519B000592C7E /* MyHelpViewModel.swift */,
			);
			path = ViewModel;
			sourceTree = "<group>";
		};
		2FAD68481E5C291000084385 /* Tool */ = {
			isa = PBXGroup;
			children = (
				2FAD68541E5C2BC800084385 /* tool */,
				2FAD68491E5C291000084385 /* Control */,
				2FAD684A1E5C291000084385 /* DataSource */,
				2FAD684B1E5C291000084385 /* View */,
				2FAD684C1E5C291000084385 /* 网络 */,
			);
			path = Tool;
			sourceTree = "<group>";
		};
		2FAD68491E5C291000084385 /* Control */ = {
			isa = PBXGroup;
			children = (
			);
			path = Control;
			sourceTree = "<group>";
		};
		2FAD684A1E5C291000084385 /* DataSource */ = {
			isa = PBXGroup;
			children = (
			);
			path = DataSource;
			sourceTree = "<group>";
		};
		2FAD684B1E5C291000084385 /* View */ = {
			isa = PBXGroup;
			children = (
				2FFD5D2C1E5FCC4C00F75427 /* LyTextView.swift */,
			);
			path = View;
			sourceTree = "<group>";
		};
		2FAD684C1E5C291000084385 /* 网络 */ = {
			isa = PBXGroup;
			children = (
			);
			path = "网络";
			sourceTree = "<group>";
		};
		2FAD68511E5C2AA900084385 /* Base */ = {
			isa = PBXGroup;
			children = (
				2FAD68521E5C2AC600084385 /* LyNavigationController.swift */,
				2F9C50401E5D666A00F20D08 /* LyUserDefault.swift */,
			);
			name = Base;
			sourceTree = "<group>";
		};
		2FAD68541E5C2BC800084385 /* tool */ = {
			isa = PBXGroup;
			children = (
				2FAD68551E5C2BF700084385 /* LyClassTool.swift */,
				2FFD5D261E5FC58400F75427 /* LyNetRequstTask.swift */,
				2F7607271E614165001C72BF /* LyURLSessionManager.swift */,
			);
			name = tool;
			sourceTree = "<group>";
		};
		2FFD5D2E1E6011FE00F75427 /* 多线程demo */ = {
			isa = PBXGroup;
			children = (
				2FFD5D311E60124F00F75427 /* LyQueueDemoController.swift */,
			);
			name = "多线程demo";
			sourceTree = "<group>";
		};
		82770AB8CE6292C74BC507C1 /* Frameworks */ = {
			isa = PBXGroup;
			children = (
				A9068DC80BAF46437307B981 /* Pods_LySwiftDemo.framework */,
			);
			name = Frameworks;
			sourceTree = "<group>";
		};
		E38F30D4161C8820F378754D /* Pods */ = {
			isa = PBXGroup;
			children = (
				1ED2C85D6DB0C19F02FE15CD /* Pods-LySwiftDemo.debug.xcconfig */,
				ED6C1537678653B22A8C696A /* Pods-LySwiftDemo.release.xcconfig */,
			);
			name = Pods;
			sourceTree = "<group>";
		};
/* End PBXGroup section */

/* Begin PBXNativeTarget section */
		2FAD68041E5C26F400084385 /* LySwiftDemo */ = {
			isa = PBXNativeTarget;
			buildConfigurationList = 2FAD682D1E5C26F400084385 /* Build configuration list for PBXNativeTarget "LySwiftDemo" */;
			buildPhases = (
				DBCF202AE7CBA7C6EACF65CF /* 📦 Check Pods Manifest.lock */,
				2FAD68011E5C26F400084385 /* Sources */,
				2FAD68021E5C26F400084385 /* Frameworks */,
				2FAD68031E5C26F400084385 /* Resources */,
				4C23DCB965A084142268E05C /* 📦 Embed Pods Frameworks */,
				F9059B9414684AB7C5384BB0 /* 📦 Copy Pods Resources */,
			);
			buildRules = (
			);
			dependencies = (
			);
			name = LySwiftDemo;
			productName = LySwiftDemo;
			productReference = 2FAD68051E5C26F400084385 /* LySwiftDemo.app */;
			productType = "com.apple.product-type.application";
		};
		2FAD68181E5C26F400084385 /* LySwiftDemoTests */ = {
			isa = PBXNativeTarget;
			buildConfigurationList = 2FAD68301E5C26F400084385 /* Build configuration list for PBXNativeTarget "LySwiftDemoTests" */;
			buildPhases = (
				2FAD68151E5C26F400084385 /* Sources */,
				2FAD68161E5C26F400084385 /* Frameworks */,
				2FAD68171E5C26F400084385 /* Resources */,
			);
			buildRules = (
			);
			dependencies = (
				2FAD681B1E5C26F400084385 /* PBXTargetDependency */,
			);
			name = LySwiftDemoTests;
			productName = LySwiftDemoTests;
			productReference = 2FAD68191E5C26F400084385 /* LySwiftDemoTests.xctest */;
			productType = "com.apple.product-type.bundle.unit-test";
		};
		2FAD68231E5C26F400084385 /* LySwiftDemoUITests */ = {
			isa = PBXNativeTarget;
			buildConfigurationList = 2FAD68331E5C26F400084385 /* Build configuration list for PBXNativeTarget "LySwiftDemoUITests" */;
			buildPhases = (
				2FAD68201E5C26F400084385 /* Sources */,
				2FAD68211E5C26F400084385 /* Frameworks */,
				2FAD68221E5C26F400084385 /* Resources */,
			);
			buildRules = (
			);
			dependencies = (
				2FAD68261E5C26F400084385 /* PBXTargetDependency */,
			);
			name = LySwiftDemoUITests;
			productName = LySwiftDemoUITests;
			productReference = 2FAD68241E5C26F400084385 /* LySwiftDemoUITests.xctest */;
			productType = "com.apple.product-type.bundle.ui-testing";
		};
/* End PBXNativeTarget section */

/* Begin PBXProject section */
		2FAD67FD1E5C26F400084385 /* Project object */ = {
			isa = PBXProject;
			attributes = {
				LastSwiftUpdateCheck = 0810;
				LastUpgradeCheck = 0810;
				ORGANIZATIONNAME = "张杰";
				TargetAttributes = {
					2FAD68041E5C26F400084385 = {
						CreatedOnToolsVersion = 8.1;
						LastSwiftMigration = 0810;
						ProvisioningStyle = Automatic;
					};
					2FAD68181E5C26F400084385 = {
						CreatedOnToolsVersion = 8.1;
						ProvisioningStyle = Automatic;
						TestTargetID = 2FAD68041E5C26F400084385;
					};
					2FAD68231E5C26F400084385 = {
						CreatedOnToolsVersion = 8.1;
						ProvisioningStyle = Automatic;
						TestTargetID = 2FAD68041E5C26F400084385;
					};
				};
			};
			buildConfigurationList = 2FAD68001E5C26F400084385 /* Build configuration list for PBXProject "LySwiftDemo" */;
			compatibilityVersion = "Xcode 3.2";
			developmentRegion = English;
			hasScannedForEncodings = 0;
			knownRegions = (
				en,
				Base,
			);
			mainGroup = 2FAD67FC1E5C26F400084385;
			productRefGroup = 2FAD68061E5C26F400084385 /* Products */;
			projectDirPath = "";
			projectRoot = "";
			targets = (
				2FAD68041E5C26F400084385 /* LySwiftDemo */,
				2FAD68181E5C26F400084385 /* LySwiftDemoTests */,
				2FAD68231E5C26F400084385 /* LySwiftDemoUITests */,
			);
		};
/* End PBXProject section */

/* Begin PBXResourcesBuildPhase section */
		2FAD68031E5C26F400084385 /* Resources */ = {
			isa = PBXResourcesBuildPhase;
			buildActionMask = 2147483647;
			files = (
				2FAD68131E5C26F400084385 /* LaunchScreen.storyboard in Resources */,
				2FAD68101E5C26F400084385 /* Assets.xcassets in Resources */,
				2FAD680E1E5C26F400084385 /* Main.storyboard in Resources */,
			);
			runOnlyForDeploymentPostprocessing = 0;
		};
		2FAD68171E5C26F400084385 /* Resources */ = {
			isa = PBXResourcesBuildPhase;
			buildActionMask = 2147483647;
			files = (
			);
			runOnlyForDeploymentPostprocessing = 0;
		};
		2FAD68221E5C26F400084385 /* Resources */ = {
			isa = PBXResourcesBuildPhase;
			buildActionMask = 2147483647;
			files = (
			);
			runOnlyForDeploymentPostprocessing = 0;
		};
/* End PBXResourcesBuildPhase section */

/* Begin PBXShellScriptBuildPhase section */
		4C23DCB965A084142268E05C /* 📦 Embed Pods Frameworks */ = {
			isa = PBXShellScriptBuildPhase;
			buildActionMask = 2147483647;
			files = (
			);
			inputPaths = (
			);
			name = "📦 Embed Pods Frameworks";
			outputPaths = (
			);
			runOnlyForDeploymentPostprocessing = 0;
			shellPath = /bin/sh;
			shellScript = "\"${SRCROOT}/Pods/Target Support Files/Pods-LySwiftDemo/Pods-LySwiftDemo-frameworks.sh\"\n";
			showEnvVarsInLog = 0;
		};
		DBCF202AE7CBA7C6EACF65CF /* 📦 Check Pods Manifest.lock */ = {
			isa = PBXShellScriptBuildPhase;
			buildActionMask = 2147483647;
			files = (
			);
			inputPaths = (
			);
			name = "📦 Check Pods Manifest.lock";
			outputPaths = (
			);
			runOnlyForDeploymentPostprocessing = 0;
			shellPath = /bin/sh;
			shellScript = "diff \"${PODS_ROOT}/../Podfile.lock\" \"${PODS_ROOT}/Manifest.lock\" > /dev/null\nif [[ $? != 0 ]] ; then\n    cat << EOM\nerror: The sandbox is not in sync with the Podfile.lock. Run 'pod install' or update your CocoaPods installation.\nEOM\n    exit 1\nfi\n";
			showEnvVarsInLog = 0;
		};
		F9059B9414684AB7C5384BB0 /* 📦 Copy Pods Resources */ = {
			isa = PBXShellScriptBuildPhase;
			buildActionMask = 2147483647;
			files = (
			);
			inputPaths = (
			);
			name = "📦 Copy Pods Resources";
			outputPaths = (
			);
			runOnlyForDeploymentPostprocessing = 0;
			shellPath = /bin/sh;
			shellScript = "\"${SRCROOT}/Pods/Target Support Files/Pods-LySwiftDemo/Pods-LySwiftDemo-resources.sh\"\n";
			showEnvVarsInLog = 0;
		};
/* End PBXShellScriptBuildPhase section */

/* Begin PBXSourcesBuildPhase section */
		2FAD68011E5C26F400084385 /* Sources */ = {
			isa = PBXSourcesBuildPhase;
			buildActionMask = 2147483647;
			files = (
				2FAD680B1E5C26F400084385 /* ViewController.swift in Sources */,
				2F11A0F71E5EC5D7009F2387 /* DetailViewController.swift in Sources */,
				2F11A0FD1E5EC8F3009F2387 /* DetailViewModel.swift in Sources */,
				2F11A0F31E5EAD47009F2387 /* LyPhotoPlayView.swift in Sources */,
				2F11A1051E5EE9E7009F2387 /* DetailCommentController.swift in Sources */,
				2F20963E1E65196A00592C7E /* MyHelpViewController.swift in Sources */,
				2F11A0FF1E5ED192009F2387 /* DetailHeaderView.swift in Sources */,
				2F9C50381E5D5C7F00F20D08 /* LoginInModel.swift in Sources */,
				2F11A0FB1E5EC778009F2387 /* DetailTitleView.swift in Sources */,
				2FFD5D2D1E5FCC4C00F75427 /* LyTextView.swift in Sources */,
				2F2096481E6519E600592C7E /* MyHelpCell.swift in Sources */,
				2F2096401E6519A400592C7E /* MyHelpModel.swift in Sources */,
				2F2096441E6519C000592C7E /* MyHelpDataSource.swift in Sources */,
				2FFD5D321E60124F00F75427 /* LyQueueDemoController.swift in Sources */,
				2F2096421E6519B000592C7E /* MyHelpViewModel.swift in Sources */,
				2FAD68501E5C29B500084385 /* InputView.swift in Sources */,
				2F11A1011E5ED5B8009F2387 /* DetailCommentCell.swift in Sources */,
				2FAD684E1E5C293800084385 /* LoginController.swift in Sources */,
				2F5426CD1E645A2C00C30951 /* MyMainFootView.swift in Sources */,
				2F2096581E657F7F00592C7E /* MVVMRACDemoController.swift in Sources */,
				2F11A0F11E5E9591009F2387 /* LyPhotoFlowLayout.swift in Sources */,
				2FAD68561E5C2BF700084385 /* LyClassTool.swift in Sources */,
				2F7607281E614165001C72BF /* LyURLSessionManager.swift in Sources */,
				2F2096461E6519D100592C7E /* MyHelpFootView.swift in Sources */,
				2F20C0FF1E640F3C001103AF /* MyMainViewController.swift in Sources */,
				2F9C50471E5D6AC600F20D08 /* FirstPageCell.swift in Sources */,
				2F9C50451E5D6AB800F20D08 /* FirstPageModel.swift in Sources */,
				2FFD5D271E5FC58400F75427 /* LyNetRequstTask.swift in Sources */,
				2FAD68531E5C2AC600084385 /* LyNavigationController.swift in Sources */,
				2F9C50431E5D6AA200F20D08 /* FirstPageViewController.swift in Sources */,
				2FAD68091E5C26F400084385 /* AppDelegate.swift in Sources */,
				2F11A0F51E5EB782009F2387 /* LyPhotoModel.swift in Sources */,
				2F9C50411E5D666A00F20D08 /* LyUserDefault.swift in Sources */,
				2F11A1031E5EDA7D009F2387 /* DetailCommentModel.swift in Sources */,
				2F11A0EF1E5E956E009F2387 /* LyCollectionCell.swift in Sources */,
			);
			runOnlyForDeploymentPostprocessing = 0;
		};
		2FAD68151E5C26F400084385 /* Sources */ = {
			isa = PBXSourcesBuildPhase;
			buildActionMask = 2147483647;
			files = (
				2FAD681E1E5C26F400084385 /* LySwiftDemoTests.swift in Sources */,
			);
			runOnlyForDeploymentPostprocessing = 0;
		};
		2FAD68201E5C26F400084385 /* Sources */ = {
			isa = PBXSourcesBuildPhase;
			buildActionMask = 2147483647;
			files = (
				2FAD68291E5C26F400084385 /* LySwiftDemoUITests.swift in Sources */,
			);
			runOnlyForDeploymentPostprocessing = 0;
		};
/* End PBXSourcesBuildPhase section */

/* Begin PBXTargetDependency section */
		2FAD681B1E5C26F400084385 /* PBXTargetDependency */ = {
			isa = PBXTargetDependency;
			target = 2FAD68041E5C26F400084385 /* LySwiftDemo */;
			targetProxy = 2FAD681A1E5C26F400084385 /* PBXContainerItemProxy */;
		};
		2FAD68261E5C26F400084385 /* PBXTargetDependency */ = {
			isa = PBXTargetDependency;
			target = 2FAD68041E5C26F400084385 /* LySwiftDemo */;
			targetProxy = 2FAD68251E5C26F400084385 /* PBXContainerItemProxy */;
		};
/* End PBXTargetDependency section */

/* Begin PBXVariantGroup section */
		2FAD680C1E5C26F400084385 /* Main.storyboard */ = {
			isa = PBXVariantGroup;
			children = (
				2FAD680D1E5C26F400084385 /* Base */,
			);
			name = Main.storyboard;
			sourceTree = "<group>";
		};
		2FAD68111E5C26F400084385 /* LaunchScreen.storyboard */ = {
			isa = PBXVariantGroup;
			children = (
				2FAD68121E5C26F400084385 /* Base */,
			);
			name = LaunchScreen.storyboard;
			sourceTree = "<group>";
		};
/* End PBXVariantGroup section */

/* Begin XCBuildConfiguration section */
		2FAD682B1E5C26F400084385 /* Debug */ = {
			isa = XCBuildConfiguration;
			buildSettings = {
				ALWAYS_SEARCH_USER_PATHS = NO;
				CLANG_ANALYZER_NONNULL = YES;
				CLANG_CXX_LANGUAGE_STANDARD = "gnu++0x";
				CLANG_CXX_LIBRARY = "libc++";
				CLANG_ENABLE_MODULES = YES;
				CLANG_ENABLE_OBJC_ARC = YES;
				CLANG_WARN_BOOL_CONVERSION = YES;
				CLANG_WARN_CONSTANT_CONVERSION = YES;
				CLANG_WARN_DIRECT_OBJC_ISA_USAGE = YES_ERROR;
				CLANG_WARN_DOCUMENTATION_COMMENTS = YES;
				CLANG_WARN_EMPTY_BODY = YES;
				CLANG_WARN_ENUM_CONVERSION = YES;
				CLANG_WARN_INFINITE_RECURSION = YES;
				CLANG_WARN_INT_CONVERSION = YES;
				CLANG_WARN_OBJC_ROOT_CLASS = YES_ERROR;
				CLANG_WARN_SUSPICIOUS_MOVES = YES;
				CLANG_WARN_UNREACHABLE_CODE = YES;
				CLANG_WARN__DUPLICATE_METHOD_MATCH = YES;
				"CODE_SIGN_IDENTITY[sdk=iphoneos*]" = "iPhone Developer";
				COPY_PHASE_STRIP = NO;
				DEBUG_INFORMATION_FORMAT = dwarf;
				ENABLE_STRICT_OBJC_MSGSEND = YES;
				ENABLE_TESTABILITY = YES;
				GCC_C_LANGUAGE_STANDARD = gnu99;
				GCC_DYNAMIC_NO_PIC = NO;
				GCC_NO_COMMON_BLOCKS = YES;
				GCC_OPTIMIZATION_LEVEL = 0;
				GCC_PREPROCESSOR_DEFINITIONS = (
					"DEBUG=1",
					"$(inherited)",
				);
				GCC_WARN_64_TO_32_BIT_CONVERSION = YES;
				GCC_WARN_ABOUT_RETURN_TYPE = YES_ERROR;
				GCC_WARN_UNDECLARED_SELECTOR = YES;
				GCC_WARN_UNINITIALIZED_AUTOS = YES_AGGRESSIVE;
				GCC_WARN_UNUSED_FUNCTION = YES;
				GCC_WARN_UNUSED_VARIABLE = YES;
				IPHONEOS_DEPLOYMENT_TARGET = 10.1;
				MTL_ENABLE_DEBUG_INFO = YES;
				ONLY_ACTIVE_ARCH = YES;
				SDKROOT = iphoneos;
				SWIFT_ACTIVE_COMPILATION_CONDITIONS = DEBUG;
				SWIFT_OPTIMIZATION_LEVEL = "-Onone";
				TARGETED_DEVICE_FAMILY = "1,2";
			};
			name = Debug;
		};
		2FAD682C1E5C26F400084385 /* Release */ = {
			isa = XCBuildConfiguration;
			buildSettings = {
				ALWAYS_SEARCH_USER_PATHS = NO;
				CLANG_ANALYZER_NONNULL = YES;
				CLANG_CXX_LANGUAGE_STANDARD = "gnu++0x";
				CLANG_CXX_LIBRARY = "libc++";
				CLANG_ENABLE_MODULES = YES;
				CLANG_ENABLE_OBJC_ARC = YES;
				CLANG_WARN_BOOL_CONVERSION = YES;
				CLANG_WARN_CONSTANT_CONVERSION = YES;
				CLANG_WARN_DIRECT_OBJC_ISA_USAGE = YES_ERROR;
				CLANG_WARN_DOCUMENTATION_COMMENTS = YES;
				CLANG_WARN_EMPTY_BODY = YES;
				CLANG_WARN_ENUM_CONVERSION = YES;
				CLANG_WARN_INFINITE_RECURSION = YES;
				CLANG_WARN_INT_CONVERSION = YES;
				CLANG_WARN_OBJC_ROOT_CLASS = YES_ERROR;
				CLANG_WARN_SUSPICIOUS_MOVES = YES;
				CLANG_WARN_UNREACHABLE_CODE = YES;
				CLANG_WARN__DUPLICATE_METHOD_MATCH = YES;
				"CODE_SIGN_IDENTITY[sdk=iphoneos*]" = "iPhone Developer";
				COPY_PHASE_STRIP = NO;
				DEBUG_INFORMATION_FORMAT = "dwarf-with-dsym";
				ENABLE_NS_ASSERTIONS = NO;
				ENABLE_STRICT_OBJC_MSGSEND = YES;
				GCC_C_LANGUAGE_STANDARD = gnu99;
				GCC_NO_COMMON_BLOCKS = YES;
				GCC_WARN_64_TO_32_BIT_CONVERSION = YES;
				GCC_WARN_ABOUT_RETURN_TYPE = YES_ERROR;
				GCC_WARN_UNDECLARED_SELECTOR = YES;
				GCC_WARN_UNINITIALIZED_AUTOS = YES_AGGRESSIVE;
				GCC_WARN_UNUSED_FUNCTION = YES;
				GCC_WARN_UNUSED_VARIABLE = YES;
				IPHONEOS_DEPLOYMENT_TARGET = 10.1;
				MTL_ENABLE_DEBUG_INFO = NO;
				SDKROOT = iphoneos;
				SWIFT_OPTIMIZATION_LEVEL = "-Owholemodule";
				TARGETED_DEVICE_FAMILY = "1,2";
				VALIDATE_PRODUCT = YES;
			};
			name = Release;
		};
		2FAD682E1E5C26F400084385 /* Debug */ = {
			isa = XCBuildConfiguration;
			baseConfigurationReference = 1ED2C85D6DB0C19F02FE15CD /* Pods-LySwiftDemo.debug.xcconfig */;
			buildSettings = {
				ASSETCATALOG_COMPILER_APPICON_NAME = AppIcon;
				CLANG_ENABLE_MODULES = YES;
				INFOPLIST_FILE = LySwiftDemo/Info.plist;
				LD_RUNPATH_SEARCH_PATHS = "$(inherited) @executable_path/Frameworks";
				PRODUCT_BUNDLE_IDENTIFIER = bona.LySwiftDemo;
				PRODUCT_NAME = "$(TARGET_NAME)";
				SWIFT_OBJC_BRIDGING_HEADER = "";
				SWIFT_OPTIMIZATION_LEVEL = "-Onone";
				SWIFT_VERSION = 3.0;
			};
			name = Debug;
		};
		2FAD682F1E5C26F400084385 /* Release */ = {
			isa = XCBuildConfiguration;
			baseConfigurationReference = ED6C1537678653B22A8C696A /* Pods-LySwiftDemo.release.xcconfig */;
			buildSettings = {
				ASSETCATALOG_COMPILER_APPICON_NAME = AppIcon;
				CLANG_ENABLE_MODULES = YES;
				INFOPLIST_FILE = LySwiftDemo/Info.plist;
				LD_RUNPATH_SEARCH_PATHS = "$(inherited) @executable_path/Frameworks";
				PRODUCT_BUNDLE_IDENTIFIER = bona.LySwiftDemo;
				PRODUCT_NAME = "$(TARGET_NAME)";
				SWIFT_OBJC_BRIDGING_HEADER = "";
				SWIFT_VERSION = 3.0;
			};
			name = Release;
		};
		2FAD68311E5C26F400084385 /* Debug */ = {
			isa = XCBuildConfiguration;
			buildSettings = {
				ALWAYS_EMBED_SWIFT_STANDARD_LIBRARIES = YES;
				BUNDLE_LOADER = "$(TEST_HOST)";
				INFOPLIST_FILE = LySwiftDemoTests/Info.plist;
				LD_RUNPATH_SEARCH_PATHS = "$(inherited) @executable_path/Frameworks @loader_path/Frameworks";
				PRODUCT_BUNDLE_IDENTIFIER = bona.LySwiftDemoTests;
				PRODUCT_NAME = "$(TARGET_NAME)";
				SWIFT_VERSION = 3.0;
				TEST_HOST = "$(BUILT_PRODUCTS_DIR)/LySwiftDemo.app/LySwiftDemo";
			};
			name = Debug;
		};
		2FAD68321E5C26F400084385 /* Release */ = {
			isa = XCBuildConfiguration;
			buildSettings = {
				ALWAYS_EMBED_SWIFT_STANDARD_LIBRARIES = YES;
				BUNDLE_LOADER = "$(TEST_HOST)";
				INFOPLIST_FILE = LySwiftDemoTests/Info.plist;
				LD_RUNPATH_SEARCH_PATHS = "$(inherited) @executable_path/Frameworks @loader_path/Frameworks";
				PRODUCT_BUNDLE_IDENTIFIER = bona.LySwiftDemoTests;
				PRODUCT_NAME = "$(TARGET_NAME)";
				SWIFT_VERSION = 3.0;
				TEST_HOST = "$(BUILT_PRODUCTS_DIR)/LySwiftDemo.app/LySwiftDemo";
			};
			name = Release;
		};
		2FAD68341E5C26F400084385 /* Debug */ = {
			isa = XCBuildConfiguration;
			buildSettings = {
				ALWAYS_EMBED_SWIFT_STANDARD_LIBRARIES = YES;
				INFOPLIST_FILE = LySwiftDemoUITests/Info.plist;
				LD_RUNPATH_SEARCH_PATHS = "$(inherited) @executable_path/Frameworks @loader_path/Frameworks";
				PRODUCT_BUNDLE_IDENTIFIER = bona.LySwiftDemoUITests;
				PRODUCT_NAME = "$(TARGET_NAME)";
				SWIFT_VERSION = 3.0;
				TEST_TARGET_NAME = LySwiftDemo;
			};
			name = Debug;
		};
		2FAD68351E5C26F400084385 /* Release */ = {
			isa = XCBuildConfiguration;
			buildSettings = {
				ALWAYS_EMBED_SWIFT_STANDARD_LIBRARIES = YES;
				INFOPLIST_FILE = LySwiftDemoUITests/Info.plist;
				LD_RUNPATH_SEARCH_PATHS = "$(inherited) @executable_path/Frameworks @loader_path/Frameworks";
				PRODUCT_BUNDLE_IDENTIFIER = bona.LySwiftDemoUITests;
				PRODUCT_NAME = "$(TARGET_NAME)";
				SWIFT_VERSION = 3.0;
				TEST_TARGET_NAME = LySwiftDemo;
			};
			name = Release;
		};
/* End XCBuildConfiguration section */

/* Begin XCConfigurationList section */
		2FAD68001E5C26F400084385 /* Build configuration list for PBXProject "LySwiftDemo" */ = {
			isa = XCConfigurationList;
			buildConfigurations = (
				2FAD682B1E5C26F400084385 /* Debug */,
				2FAD682C1E5C26F400084385 /* Release */,
			);
			defaultConfigurationIsVisible = 0;
			defaultConfigurationName = Release;
		};
		2FAD682D1E5C26F400084385 /* Build configuration list for PBXNativeTarget "LySwiftDemo" */ = {
			isa = XCConfigurationList;
			buildConfigurations = (
				2FAD682E1E5C26F400084385 /* Debug */,
				2FAD682F1E5C26F400084385 /* Release */,
			);
			defaultConfigurationIsVisible = 0;
			defaultConfigurationName = Release;
		};
		2FAD68301E5C26F400084385 /* Build configuration list for PBXNativeTarget "LySwiftDemoTests" */ = {
			isa = XCConfigurationList;
			buildConfigurations = (
				2FAD68311E5C26F400084385 /* Debug */,
				2FAD68321E5C26F400084385 /* Release */,
			);
			defaultConfigurationIsVisible = 0;
			defaultConfigurationName = Release;
		};
		2FAD68331E5C26F400084385 /* Build configuration list for PBXNativeTarget "LySwiftDemoUITests" */ = {
			isa = XCConfigurationList;
			buildConfigurations = (
				2FAD68341E5C26F400084385 /* Debug */,
				2FAD68351E5C26F400084385 /* Release */,
			);
			defaultConfigurationIsVisible = 0;
			defaultConfigurationName = Release;
		};
/* End XCConfigurationList section */
	};
	rootObject = 2FAD67FD1E5C26F400084385 /* Project object */;
}
